<?xml version="1.0" encoding="utf-8"?>
<Project ToolsVersion="4.0" xmlns="http://schemas.microsoft.com/developer/msbuild/2003">
  <ItemGroup>
    <Filter Include="Quelldateien">
      <UniqueIdentifier>{4FC737F1-C7A5-4376-A066-2A32D752A2FF}</UniqueIdentifier>
      <Extensions>cpp;c;cc;cxx;c++;cppm;ixx;def;odl;idl;hpj;bat;asm;asmx</Extensions>
    </Filter>
    <Filter Include="Headerdateien">
      <UniqueIdentifier>{93995380-89BD-4b04-88EB-625FBE52EBFB}</UniqueIdentifier>
      <Extensions>h;hh;hpp;hxx;h++;hm;inl;inc;ipp;xsd</Extensions>
    </Filter>
    <Filter Include="Ressourcendateien">
      <UniqueIdentifier>{67DA6AB6-F800-4c08-8B7A-83BB121AAD01}</UniqueIdentifier>
      <Extensions>rc;ico;cur;bmp;dlg;rc2;rct;bin;rgs;gif;jpg;jpeg;jpe;resx;tiff;tif;png;wav;mfcribbon-ms</Extensions>
    </Filter>
    <Filter Include="Quelldateien\Charts">
      <UniqueIdentifier>{1a55d81e-0b89-4626-b93d-a6555fd9485e}</UniqueIdentifier>
    </Filter>
    <Filter Include="Headerdateien\Charts">
      <UniqueIdentifier>{39e0e4fd-b886-48f5-9985-005d9eb51335}</UniqueIdentifier>
    </Filter>
  </ItemGroup>
  <ItemGroup>
    <ClInclude Include="EasyGraph.h">
      <Filter>Headerdateien</Filter>
    </ClInclude>
    <ClInclude Include="framework.h">
      <Filter>Headerdateien</Filter>
    </ClInclude>
    <ClInclude Include="targetver.h">
      <Filter>Headerdateien</Filter>
    </ClInclude>
    <ClInclude Include="MainFrm.h">
      <Filter>Headerdateien</Filter>
    </ClInclude>
    <ClInclude Include="ChildFrm.h">
      <Filter>Headerdateien</Filter>
    </ClInclude>
    <ClInclude Include="EasyGraphDoc.h">
      <Filter>Headerdateien</Filter>
    </ClInclude>
    <ClInclude Include="EasyGraphView.h">
      <Filter>Headerdateien</Filter>
    </ClInclude>
    <ClInclude Include="Resource.h">
      <Filter>Headerdateien</Filter>
    </ClInclude>
    <ClInclude Include="FileView.h">
      <Filter>Headerdateien</Filter>
    </ClInclude>
    <ClInclude Include="ViewTree.h">
      <Filter>Headerdateien</Filter>
    </ClInclude>
    <ClInclude Include="OutputWnd.h">
      <Filter>Headerdateien</Filter>
    </ClInclude>
    <ClInclude Include="PropertiesWnd.h">
      <Filter>Headerdateien</Filter>
    </ClInclude>
    <ClInclude Include="pch.h">
      <Filter>Headerdateien</Filter>
    </ClInclude>
    <ClInclude Include="CalendarBar.h">
      <Filter>Headerdateien</Filter>
    </ClInclude>
    <ClInclude Include="SplashWindow.h">
      <Filter>Quelldateien</Filter>
    </ClInclude>
    <ClInclude Include="BCGPChartExampleView.h">
      <Filter>Headerdateien</Filter>
    </ClInclude>
    <ClInclude Include="wmuser.h">
      <Filter>Headerdateien</Filter>
    </ClInclude>
    <ClInclude Include="WorkspaceBar.h">
      <Filter>Quelldateien</Filter>
    </ClInclude>
    <ClInclude Include="global.h">
      <Filter>Headerdateien</Filter>
    </ClInclude>
    <ClInclude Include="Statistics.h">
      <Filter>Headerdateien</Filter>
    </ClInclude>
    <ClInclude Include="GroupView.h">
      <Filter>Headerdateien</Filter>
    </ClInclude>
    <ClInclude Include="VirtualSeries.h">
      <Filter>Headerdateien</Filter>
    </ClInclude>
    <ClInclude Include="MassflowChart.h">
      <Filter>Headerdateien\Charts</Filter>
    </ClInclude>
    <ClInclude Include="TotalizerView.h">
      <Filter>Headerdateien\Charts</Filter>
    </ClInclude>
    <ClInclude Include="SetpointChart.h">
      <Filter>Headerdateien\Charts</Filter>
    </ClInclude>
    <ClInclude Include="ChartLineView.h">
      <Filter>Headerdateien\Charts</Filter>
    </ClInclude>
  </ItemGroup>
  <ItemGroup>
    <ClCompile Include="EasyGraph.cpp">
      <Filter>Quelldateien</Filter>
    </ClCompile>
    <ClCompile Include="MainFrm.cpp">
      <Filter>Quelldateien</Filter>
    </ClCompile>
    <ClCompile Include="EasyGraphDoc.cpp">
      <Filter>Quelldateien</Filter>
    </ClCompile>
    <ClCompile Include="EasyGraphView.cpp">
      <Filter>Quelldateien</Filter>
    </ClCompile>
    <ClCompile Include="ViewTree.cpp">
      <Filter>Quelldateien</Filter>
    </ClCompile>
    <ClCompile Include="OutputWnd.cpp">
      <Filter>Quelldateien</Filter>
    </ClCompile>
    <ClCompile Include="PropertiesWnd.cpp">
      <Filter>Quelldateien</Filter>
    </ClCompile>
    <ClCompile Include="pch.cpp">
      <Filter>Quelldateien</Filter>
    </ClCompile>
    <ClCompile Include="CalendarBar.cpp">
      <Filter>Quelldateien</Filter>
    </ClCompile>
    <ClCompile Include="SplashWindow.cpp">
      <Filter>Quelldateien</Filter>
    </ClCompile>
    <ClCompile Include="WorkspaceBar.cpp">
      <Filter>Quelldateien</Filter>
    </ClCompile>
    <ClCompile Include="Statistics.cpp">
      <Filter>Quelldateien</Filter>
    </ClCompile>
    <ClCompile Include="GroupView.cpp">
      <Filter>Quelldateien</Filter>
    </ClCompile>
    <ClCompile Include="VirtualSeries.cpp">
      <Filter>Quelldateien</Filter>
    </ClCompile>
    <ClCompile Include="SetpointChart.cpp">
      <Filter>Quelldateien\Charts</Filter>
    </ClCompile>
    <ClCompile Include="MassflowChart.cpp">
      <Filter>Quelldateien\Charts</Filter>
    </ClCompile>
    <ClCompile Include="TotalizerView.cpp">
      <Filter>Quelldateien\Charts</Filter>
    </ClCompile>
    <ClCompile Include="ChartLineView.cpp">
      <Filter>Quelldateien\Charts</Filter>
    </ClCompile>
  </ItemGroup>
  <ItemGroup>
    <ResourceCompile Include="EasyGraph.rc">
      <Filter>Ressourcendateien</Filter>
    </ResourceCompile>
  </ItemGroup>
  <ItemGroup>
    <Image Include="res\file_view.ico">
      <Filter>Ressourcendateien</Filter>
    </Image>
    <Image Include="res\file_view_hc.ico">
      <Filter>Ressourcendateien</Filter>
    </Image>
    <Image Include="res\class_view.ico">
      <Filter>Ressourcendateien</Filter>
    </Image>
    <Image Include="res\class_view_hc.ico">
      <Filter>Ressourcendateien</Filter>
    </Image>
    <Image Include="res\fileview.bmp">
      <Filter>Ressourcendateien</Filter>
    </Image>
    <Image Include="res\fileview_hc.bmp">
      <Filter>Ressourcendateien</Filter>
    </Image>
    <Image Include="res\classview.bmp">
      <Filter>Ressourcendateien</Filter>
    </Image>
    <Image Include="res\classview_hc.bmp">
      <Filter>Ressourcendateien</Filter>
    </Image>
    <Image Include="res\explorer.bmp">
      <Filter>Ressourcendateien</Filter>
    </Image>
    <Image Include="res\explorer_hc.bmp">
      <Filter>Ressourcendateien</Filter>
    </Image>
    <Image Include="res\sort.bmp">
      <Filter>Ressourcendateien</Filter>
    </Image>
    <Image Include="res\sort_hc.bmp">
      <Filter>Ressourcendateien</Filter>
    </Image>
    <Image Include="res\menuimages.bmp">
      <Filter>Ressourcendateien</Filter>
    </Image>
    <Image Include="res\menuimages_hc.bmp">
      <Filter>Ressourcendateien</Filter>
    </Image>
    <Image Include="res\output_wnd.ico">
      <Filter>Ressourcendateien</Filter>
    </Image>
    <Image Include="res\output_wnd_hc.ico">
      <Filter>Ressourcendateien</Filter>
    </Image>
    <Image Include="res\properties_wnd.ico">
      <Filter>Ressourcendateien</Filter>
    </Image>
    <Image Include="res\properties_wnd_hc.ico">
      <Filter>Ressourcendateien</Filter>
    </Image>
    <Image Include="res\properties.bmp">
      <Filter>Ressourcendateien</Filter>
    </Image>
    <Image Include="res\properties_hc.bmp">
      <Filter>Ressourcendateien</Filter>
    </Image>
    <Image Include="res\userimages.bmp">
      <Filter>Ressourcendateien</Filter>
    </Image>
    <Image Include="res\EasyGraphDoc.ico">
      <Filter>Ressourcendateien</Filter>
    </Image>
    <Image Include="res\EasyGraph.ico">
      <Filter>Ressourcendateien</Filter>
    </Image>
    <Image Include="res\Toolbar.bmp">
      <Filter>Ressourcendateien</Filter>
    </Image>
    <Image Include="res\Toolbar256.bmp">
      <Filter>Ressourcendateien</Filter>
    </Image>
    <Image Include="resource\easyControlSplash.bmp">
      <Filter>Ressourcendateien</Filter>
    </Image>
    <Image Include="res\Toolbar_hc.png">
      <Filter>Ressourcendateien</Filter>
    </Image>
  </ItemGroup>
  <ItemGroup>
    <None Include="res\EasyGraph.rc2">
      <Filter>Ressourcendateien</Filter>
    </None>
  </ItemGroup>
</Project>